// !$*UTF8*$!
{
	archiveVersion = 1;
	classes = {
	};
	objectVersion = 50;
	objects = {

/* Begin PBXBuildFile section */
		806D3FCE2269CF2E008DBE49 /* SystemLogViewController.swift in Sources */ = {isa = PBXBuildFile; fileRef = 806D3FCD2269CF2E008DBE49 /* SystemLogViewController.swift */; };
		806D3FD12269CFCC008DBE49 /* AppStoreViewController.swift in Sources */ = {isa = PBXBuildFile; fileRef = 806D3FD02269CFCC008DBE49 /* AppStoreViewController.swift */; };
		806D3FD32269D02D008DBE49 /* SetUpViewController.swift in Sources */ = {isa = PBXBuildFile; fileRef = 806D3FD22269D02D008DBE49 /* SetUpViewController.swift */; };
		8086D45C2269DCF6006CC125 /* RealmSwift.framework in Frameworks */ = {isa = PBXBuildFile; fileRef = 8086D45A2269DCF5006CC125 /* RealmSwift.framework */; };
		8086D45D2269DCF6006CC125 /* RealmSwift.framework in Embed Frameworks */ = {isa = PBXBuildFile; fileRef = 8086D45A2269DCF5006CC125 /* RealmSwift.framework */; settings = {ATTRIBUTES = (CodeSignOnCopy, RemoveHeadersOnCopy, ); }; };
		8086D45E2269DCF6006CC125 /* Realm.framework in Frameworks */ = {isa = PBXBuildFile; fileRef = 8086D45B2269DCF6006CC125 /* Realm.framework */; };
		8086D45F2269DCF6006CC125 /* Realm.framework in Embed Frameworks */ = {isa = PBXBuildFile; fileRef = 8086D45B2269DCF6006CC125 /* Realm.framework */; settings = {ATTRIBUTES = (CodeSignOnCopy, RemoveHeadersOnCopy, ); }; };
		8086D461226EC3BD006CC125 /* AddEquipmentViewController.swift in Sources */ = {isa = PBXBuildFile; fileRef = 8086D460226EC3BD006CC125 /* AddEquipmentViewController.swift */; };
		8086D465226ED249006CC125 /* ModifyViewController.swift in Sources */ = {isa = PBXBuildFile; fileRef = 8086D464226ED249006CC125 /* ModifyViewController.swift */; };
		8086D469226F38BC006CC125 /* FeedbackViewController.swift in Sources */ = {isa = PBXBuildFile; fileRef = 8086D468226F38BC006CC125 /* FeedbackViewController.swift */; };
		80C92AD622633AE200D265F1 /* AppDelegate.swift in Sources */ = {isa = PBXBuildFile; fileRef = 80C92AD522633AE200D265F1 /* AppDelegate.swift */; };
		80C92AD822633AE200D265F1 /* ViewController.swift in Sources */ = {isa = PBXBuildFile; fileRef = 80C92AD722633AE200D265F1 /* ViewController.swift */; };
		80C92ADB22633AE200D265F1 /* Main.storyboard in Resources */ = {isa = PBXBuildFile; fileRef = 80C92AD922633AE200D265F1 /* Main.storyboard */; };
		80C92ADD22633AE400D265F1 /* Assets.xcassets in Resources */ = {isa = PBXBuildFile; fileRef = 80C92ADC22633AE400D265F1 /* Assets.xcassets */; };
		80C92AE022633AE400D265F1 /* LaunchScreen.storyboard in Resources */ = {isa = PBXBuildFile; fileRef = 80C92ADE22633AE400D265F1 /* LaunchScreen.storyboard */; };
		80C92AEA22633B2100D265F1 /* HomepageViewController.swift in Sources */ = {isa = PBXBuildFile; fileRef = 80C92AE922633B2100D265F1 /* HomepageViewController.swift */; };
		80C92AEC22633B3100D265F1 /* SmartpageViewController.swift in Sources */ = {isa = PBXBuildFile; fileRef = 80C92AEB22633B3100D265F1 /* SmartpageViewController.swift */; };
		80C92AEE22633B3900D265F1 /* MypageViewController.swift in Sources */ = {isa = PBXBuildFile; fileRef = 80C92AED22633B3900D265F1 /* MypageViewController.swift */; };
		80C92B0722634ACD00D265F1 /* database.swift in Sources */ = {isa = PBXBuildFile; fileRef = 80C92B0622634ACD00D265F1 /* database.swift */; };
		80C92B0E2263685000D265F1 /* LoginpageViewController.swift in Sources */ = {isa = PBXBuildFile; fileRef = 80C92B0D2263685000D265F1 /* LoginpageViewController.swift */; };
		80C92B1922671A3900D265F1 /* RegisterpageViewController.swift in Sources */ = {isa = PBXBuildFile; fileRef = 80C92B1822671A3900D265F1 /* RegisterpageViewController.swift */; };
		80C92B4E226727AC00D265F1 /* RegisterNetworkService.swift in Sources */ = {isa = PBXBuildFile; fileRef = 80C92B4D226727AC00D265F1 /* RegisterNetworkService.swift */; };
		80C92B502267296400D265F1 /* RegisterService.swift in Sources */ = {isa = PBXBuildFile; fileRef = 80C92B4F2267296400D265F1 /* RegisterService.swift */; };
		80C92B5222672A7600D265F1 /* RegisterViewModel.swift in Sources */ = {isa = PBXBuildFile; fileRef = 80C92B5122672A7600D265F1 /* RegisterViewModel.swift */; };
		80C92B5422672BD500D265F1 /* BindingExtensions.swift in Sources */ = {isa = PBXBuildFile; fileRef = 80C92B5322672BD500D265F1 /* BindingExtensions.swift */; };
		80F85C8D2269B249001D6F6B /* FamilyManageViewController.swift in Sources */ = {isa = PBXBuildFile; fileRef = 80F85C8C2269B249001D6F6B /* FamilyManageViewController.swift */; };
		EC0550DE94EFED3B13ED0761 /* libPods-SmartHomeYL.a in Frameworks */ = {isa = PBXBuildFile; fileRef = F5564092012C89C9F7C85770 /* libPods-SmartHomeYL.a */; };
/* End PBXBuildFile section */

/* Begin PBXCopyFilesBuildPhase section */
		80C92AFC22633C4200D265F1 /* Embed Frameworks */ = {
			isa = PBXCopyFilesBuildPhase;
			buildActionMask = 2147483647;
			dstPath = "";
			dstSubfolderSpec = 10;
			files = (
				8086D45F2269DCF6006CC125 /* Realm.framework in Embed Frameworks */,
				8086D45D2269DCF6006CC125 /* RealmSwift.framework in Embed Frameworks */,
			);
			name = "Embed Frameworks";
			runOnlyForDeploymentPostprocessing = 0;
		};
/* End PBXCopyFilesBuildPhase section */

/* Begin PBXFileReference section */
		20F77CF9766C56BA1853C6B7 /* Pods-SmartHomeYL.release.xcconfig */ = {isa = PBXFileReference; includeInIndex = 1; lastKnownFileType = text.xcconfig; name = "Pods-SmartHomeYL.release.xcconfig"; path = "Target Support Files/Pods-SmartHomeYL/Pods-SmartHomeYL.release.xcconfig"; sourceTree = "<group>"; };
		806D3FCD2269CF2E008DBE49 /* SystemLogViewController.swift */ = {isa = PBXFileReference; lastKnownFileType = sourcecode.swift; path = SystemLogViewController.swift; sourceTree = "<group>"; };
		806D3FD02269CFCC008DBE49 /* AppStoreViewController.swift */ = {isa = PBXFileReference; lastKnownFileType = sourcecode.swift; path = AppStoreViewController.swift; sourceTree = "<group>"; };
		806D3FD22269D02D008DBE49 /* SetUpViewController.swift */ = {isa = PBXFileReference; lastKnownFileType = sourcecode.swift; path = SetUpViewController.swift; sourceTree = "<group>"; };
		8086D45A2269DCF5006CC125 /* RealmSwift.framework */ = {isa = PBXFileReference; lastKnownFileType = wrapper.framework; path = RealmSwift.framework; sourceTree = "<group>"; };
		8086D45B2269DCF6006CC125 /* Realm.framework */ = {isa = PBXFileReference; lastKnownFileType = wrapper.framework; path = Realm.framework; sourceTree = "<group>"; };
		8086D460226EC3BD006CC125 /* AddEquipmentViewController.swift */ = {isa = PBXFileReference; lastKnownFileType = sourcecode.swift; path = AddEquipmentViewController.swift; sourceTree = "<group>"; };
		8086D464226ED249006CC125 /* ModifyViewController.swift */ = {isa = PBXFileReference; lastKnownFileType = sourcecode.swift; path = ModifyViewController.swift; sourceTree = "<group>"; };
		8086D468226F38BC006CC125 /* FeedbackViewController.swift */ = {isa = PBXFileReference; lastKnownFileType = sourcecode.swift; path = FeedbackViewController.swift; sourceTree = "<group>"; };
		80C92AD222633AE200D265F1 /* SmartHomeYL.app */ = {isa = PBXFileReference; explicitFileType = wrapper.application; includeInIndex = 0; path = SmartHomeYL.app; sourceTree = BUILT_PRODUCTS_DIR; };
		80C92AD522633AE200D265F1 /* AppDelegate.swift */ = {isa = PBXFileReference; lastKnownFileType = sourcecode.swift; path = AppDelegate.swift; sourceTree = "<group>"; };
		80C92AD722633AE200D265F1 /* ViewController.swift */ = {isa = PBXFileReference; lastKnownFileType = sourcecode.swift; path = ViewController.swift; sourceTree = "<group>"; };
		80C92ADA22633AE200D265F1 /* Base */ = {isa = PBXFileReference; lastKnownFileType = file.storyboard; name = Base; path = Base.lproj/Main.storyboard; sourceTree = "<group>"; };
		80C92ADC22633AE400D265F1 /* Assets.xcassets */ = {isa = PBXFileReference; lastKnownFileType = folder.assetcatalog; path = Assets.xcassets; sourceTree = "<group>"; };
		80C92ADF22633AE400D265F1 /* Base */ = {isa = PBXFileReference; lastKnownFileType = file.storyboard; name = Base; path = Base.lproj/LaunchScreen.storyboard; sourceTree = "<group>"; };
		80C92AE122633AE400D265F1 /* Info.plist */ = {isa = PBXFileReference; lastKnownFileType = text.plist.xml; path = Info.plist; sourceTree = "<group>"; };
		80C92AE922633B2100D265F1 /* HomepageViewController.swift */ = {isa = PBXFileReference; lastKnownFileType = sourcecode.swift; path = HomepageViewController.swift; sourceTree = "<group>"; };
		80C92AEB22633B3100D265F1 /* SmartpageViewController.swift */ = {isa = PBXFileReference; lastKnownFileType = sourcecode.swift; path = SmartpageViewController.swift; sourceTree = "<group>"; };
		80C92AED22633B3900D265F1 /* MypageViewController.swift */ = {isa = PBXFileReference; lastKnownFileType = sourcecode.swift; path = MypageViewController.swift; sourceTree = "<group>"; };
		80C92B0622634ACD00D265F1 /* database.swift */ = {isa = PBXFileReference; lastKnownFileType = sourcecode.swift; path = database.swift; sourceTree = "<group>"; };
		80C92B0D2263685000D265F1 /* LoginpageViewController.swift */ = {isa = PBXFileReference; lastKnownFileType = sourcecode.swift; path = LoginpageViewController.swift; sourceTree = "<group>"; };
		80C92B1822671A3900D265F1 /* RegisterpageViewController.swift */ = {isa = PBXFileReference; lastKnownFileType = sourcecode.swift; path = RegisterpageViewController.swift; sourceTree = "<group>"; };
		80C92B4D226727AC00D265F1 /* RegisterNetworkService.swift */ = {isa = PBXFileReference; lastKnownFileType = sourcecode.swift; path = RegisterNetworkService.swift; sourceTree = "<group>"; };
		80C92B4F2267296400D265F1 /* RegisterService.swift */ = {isa = PBXFileReference; lastKnownFileType = sourcecode.swift; path = RegisterService.swift; sourceTree = "<group>"; };
		80C92B5122672A7600D265F1 /* RegisterViewModel.swift */ = {isa = PBXFileReference; lastKnownFileType = sourcecode.swift; path = RegisterViewModel.swift; sourceTree = "<group>"; };
		80C92B5322672BD500D265F1 /* BindingExtensions.swift */ = {isa = PBXFileReference; lastKnownFileType = sourcecode.swift; path = BindingExtensions.swift; sourceTree = "<group>"; };
		80F85C8C2269B249001D6F6B /* FamilyManageViewController.swift */ = {isa = PBXFileReference; lastKnownFileType = sourcecode.swift; path = FamilyManageViewController.swift; sourceTree = "<group>"; };
		F4F3939566B44F1C3A11A6EA /* Pods-SmartHomeYL.debug.xcconfig */ = {isa = PBXFileReference; includeInIndex = 1; lastKnownFileType = text.xcconfig; name = "Pods-SmartHomeYL.debug.xcconfig"; path = "Target Support Files/Pods-SmartHomeYL/Pods-SmartHomeYL.debug.xcconfig"; sourceTree = "<group>"; };
		F5564092012C89C9F7C85770 /* libPods-SmartHomeYL.a */ = {isa = PBXFileReference; explicitFileType = archive.ar; includeInIndex = 0; path = "libPods-SmartHomeYL.a"; sourceTree = BUILT_PRODUCTS_DIR; };
/* End PBXFileReference section */

/* Begin PBXFrameworksBuildPhase section */
		80C92ACF22633AE200D265F1 /* Frameworks */ = {
			isa = PBXFrameworksBuildPhase;
			buildActionMask = 2147483647;
			files = (
				8086D45E2269DCF6006CC125 /* Realm.framework in Frameworks */,
				8086D45C2269DCF6006CC125 /* RealmSwift.framework in Frameworks */,
				EC0550DE94EFED3B13ED0761 /* libPods-SmartHomeYL.a in Frameworks */,
			);
			runOnlyForDeploymentPostprocessing = 0;
		};
/* End PBXFrameworksBuildPhase section */

/* Begin PBXGroup section */
		5F9D84E50BF8C321C8CD2D1F /* Pods */ = {
			isa = PBXGroup;
			children = (
				F4F3939566B44F1C3A11A6EA /* Pods-SmartHomeYL.debug.xcconfig */,
				20F77CF9766C56BA1853C6B7 /* Pods-SmartHomeYL.release.xcconfig */,
			);
			path = Pods;
			sourceTree = "<group>";
		};
		806D3FCF2269CF6B008DBE49 /* MyPageVC */ = {
			isa = PBXGroup;
			children = (
				8086D464226ED249006CC125 /* ModifyViewController.swift */,
				80F85C8C2269B249001D6F6B /* FamilyManageViewController.swift */,
				806D3FCD2269CF2E008DBE49 /* SystemLogViewController.swift */,
				8086D468226F38BC006CC125 /* FeedbackViewController.swift */,
				806D3FD02269CFCC008DBE49 /* AppStoreViewController.swift */,
				806D3FD22269D02D008DBE49 /* SetUpViewController.swift */,
			);
			path = MyPageVC;
			sourceTree = "<group>";
		};
		80B199092269C3DE002EFE23 /* Frameworks */ = {
			isa = PBXGroup;
			children = (
				F5564092012C89C9F7C85770 /* libPods-SmartHomeYL.a */,
			);
			name = Frameworks;
			sourceTree = "<group>";
		};
		80C92AC922633AE200D265F1 = {
			isa = PBXGroup;
			children = (
				8086D45B2269DCF6006CC125 /* Realm.framework */,
				8086D45A2269DCF5006CC125 /* RealmSwift.framework */,
				80C92AD422633AE200D265F1 /* SmartHomeYL */,
				80C92AD322633AE200D265F1 /* Products */,
				80B199092269C3DE002EFE23 /* Frameworks */,
				5F9D84E50BF8C321C8CD2D1F /* Pods */,
			);
			sourceTree = "<group>";
		};
		80C92AD322633AE200D265F1 /* Products */ = {
			isa = PBXGroup;
			children = (
				80C92AD222633AE200D265F1 /* SmartHomeYL.app */,
			);
			name = Products;
			sourceTree = "<group>";
		};
		80C92AD422633AE200D265F1 /* SmartHomeYL */ = {
			isa = PBXGroup;
			children = (
				80C92ADC22633AE400D265F1 /* Assets.xcassets */,
				80C92AE822633B0B00D265F1 /* ViewControllers */,
				80C92AD722633AE200D265F1 /* ViewController.swift */,
				80C92AD922633AE200D265F1 /* Main.storyboard */,
				80C92ADE22633AE400D265F1 /* LaunchScreen.storyboard */,
				80C92AE122633AE400D265F1 /* Info.plist */,
				80C92B0622634ACD00D265F1 /* database.swift */,
			);
			path = SmartHomeYL;
			sourceTree = "<group>";
		};
		80C92AE822633B0B00D265F1 /* ViewControllers */ = {
			isa = PBXGroup;
			children = (
				80C92AD522633AE200D265F1 /* AppDelegate.swift */,
				80C92B0D2263685000D265F1 /* LoginpageViewController.swift */,
				80C92B4C2267277000D265F1 /* Register */,
				80C92AE922633B2100D265F1 /* HomepageViewController.swift */,
				8086D460226EC3BD006CC125 /* AddEquipmentViewController.swift */,
				80C92AEB22633B3100D265F1 /* SmartpageViewController.swift */,
				80C92AED22633B3900D265F1 /* MypageViewController.swift */,
				806D3FCF2269CF6B008DBE49 /* MyPageVC */,
			);
			path = ViewControllers;
			sourceTree = "<group>";
		};
		80C92B4C2267277000D265F1 /* Register */ = {
			isa = PBXGroup;
			children = (
				80C92B4D226727AC00D265F1 /* RegisterNetworkService.swift */,
				80C92B4F2267296400D265F1 /* RegisterService.swift */,
				80C92B5122672A7600D265F1 /* RegisterViewModel.swift */,
				80C92B5322672BD500D265F1 /* BindingExtensions.swift */,
				80C92B1822671A3900D265F1 /* RegisterpageViewController.swift */,
			);
			path = Register;
			sourceTree = "<group>";
		};
/* End PBXGroup section */

/* Begin PBXNativeTarget section */
		80C92AD122633AE200D265F1 /* SmartHomeYL */ = {
			isa = PBXNativeTarget;
			buildConfigurationList = 80C92AE422633AE400D265F1 /* Build configuration list for PBXNativeTarget "SmartHomeYL" */;
			buildPhases = (
				4560C82CE270EA9726CDAC26 /* [CP] Check Pods Manifest.lock */,
				80C92ACE22633AE200D265F1 /* Sources */,
				80C92ACF22633AE200D265F1 /* Frameworks */,
				80C92AD022633AE200D265F1 /* Resources */,
				80C92AFC22633C4200D265F1 /* Embed Frameworks */,
			);
			buildRules = (
			);
			dependencies = (
			);
			name = SmartHomeYL;
			productName = SmartHomeYL;
			productReference = 80C92AD222633AE200D265F1 /* SmartHomeYL.app */;
			productType = "com.apple.product-type.application";
		};
/* End PBXNativeTarget section */

/* Begin PBXProject section */
		80C92ACA22633AE200D265F1 /* Project object */ = {
			isa = PBXProject;
			attributes = {
				LastSwiftUpdateCheck = 1020;
				LastUpgradeCheck = 1020;
				ORGANIZATIONNAME = "yu li";
				TargetAttributes = {
					80C92AD122633AE200D265F1 = {
						CreatedOnToolsVersion = 10.2;
					};
				};
			};
			buildConfigurationList = 80C92ACD22633AE200D265F1 /* Build configuration list for PBXProject "SmartHomeYL" */;
			compatibilityVersion = "Xcode 9.3";
			developmentRegion = en;
			hasScannedForEncodings = 0;
			knownRegions = (
				en,
				Base,
			);
			mainGroup = 80C92AC922633AE200D265F1;
			productRefGroup = 80C92AD322633AE200D265F1 /* Products */;
			projectDirPath = "";
			projectRoot = "";
			targets = (
				80C92AD122633AE200D265F1 /* SmartHomeYL */,
			);
		};
/* End PBXProject section */

/* Begin PBXResourcesBuildPhase section */
		80C92AD022633AE200D265F1 /* Resources */ = {
			isa = PBXResourcesBuildPhase;
			buildActionMask = 2147483647;
			files = (
				80C92AE022633AE400D265F1 /* LaunchScreen.storyboard in Resources */,
				80C92ADD22633AE400D265F1 /* Assets.xcassets in Resources */,
				80C92ADB22633AE200D265F1 /* Main.storyboard in Resources */,
			);
			runOnlyForDeploymentPostprocessing = 0;
		};
/* End PBXResourcesBuildPhase section */

/* Begin PBXShellScriptBuildPhase section */
		4560C82CE270EA9726CDAC26 /* [CP] Check Pods Manifest.lock */ = {
			isa = PBXShellScriptBuildPhase;
			buildActionMask = 2147483647;
			files = (
			);
			inputFileListPaths = (
			);
			inputPaths = (
				"${PODS_PODFILE_DIR_PATH}/Podfile.lock",
				"${PODS_ROOT}/Manifest.lock",
			);
			name = "[CP] Check Pods Manifest.lock";
			outputFileListPaths = (
			);
			outputPaths = (
				"$(DERIVED_FILE_DIR)/Pods-SmartHomeYL-checkManifestLockResult.txt",
			);
			runOnlyForDeploymentPostprocessing = 0;
			shellPath = /bin/sh;
			shellScript = "diff \"${PODS_PODFILE_DIR_PATH}/Podfile.lock\" \"${PODS_ROOT}/Manifest.lock\" > /dev/null\nif [ $? != 0 ] ; then\n    # print error to STDERR\n    echo \"error: The sandbox is not in sync with the Podfile.lock. Run 'pod install' or update your CocoaPods installation.\" >&2\n    exit 1\nfi\n# This output is used by Xcode 'outputs' to avoid re-running this script phase.\necho \"SUCCESS\" > \"${SCRIPT_OUTPUT_FILE_0}\"\n";
			showEnvVarsInLog = 0;
		};
/* End PBXShellScriptBuildPhase section */

/* Begin PBXSourcesBuildPhase section */
		80C92ACE22633AE200D265F1 /* Sources */ = {
			isa = PBXSourcesBuildPhase;
			buildActionMask = 2147483647;
			files = (
				80C92B1922671A3900D265F1 /* RegisterpageViewController.swift in Sources */,
				8086D461226EC3BD006CC125 /* AddEquipmentViewController.swift in Sources */,
				80C92B5422672BD500D265F1 /* BindingExtensions.swift in Sources */,
				8086D469226F38BC006CC125 /* FeedbackViewController.swift in Sources */,
				80C92AEE22633B3900D265F1 /* MypageViewController.swift in Sources */,
				80C92AD822633AE200D265F1 /* ViewController.swift in Sources */,
				806D3FD32269D02D008DBE49 /* SetUpViewController.swift in Sources */,
				80C92B0722634ACD00D265F1 /* database.swift in Sources */,
				80C92B5222672A7600D265F1 /* RegisterViewModel.swift in Sources */,
				80C92B502267296400D265F1 /* RegisterService.swift in Sources */,
				80C92B4E226727AC00D265F1 /* RegisterNetworkService.swift in Sources */,
				80F85C8D2269B249001D6F6B /* FamilyManageViewController.swift in Sources */,
				80C92AD622633AE200D265F1 /* AppDelegate.swift in Sources */,
				80C92B0E2263685000D265F1 /* LoginpageViewController.swift in Sources */,
				80C92AEA22633B2100D265F1 /* HomepageViewController.swift in Sources */,
				806D3FCE2269CF2E008DBE49 /* SystemLogViewController.swift in Sources */,
				806D3FD12269CFCC008DBE49 /* AppStoreViewController.swift in Sources */,
				8086D465226ED249006CC125 /* ModifyViewController.swift in Sources */,
				80C92AEC22633B3100D265F1 /* SmartpageViewController.swift in Sources */,
			);
			runOnlyForDeploymentPostprocessing = 0;
		};
/* End PBXSourcesBuildPhase section */

/* Begin PBXVariantGroup section */
		80C92AD922633AE200D265F1 /* Main.storyboard */ = {
			isa = PBXVariantGroup;
			children = (
				80C92ADA22633AE200D265F1 /* Base */,
			);
			name = Main.storyboard;
			sourceTree = "<group>";
		};
		80C92ADE22633AE400D265F1 /* LaunchScreen.storyboard */ = {
			isa = PBXVariantGroup;
			children = (
				80C92ADF22633AE400D265F1 /* Base */,
			);
			name = LaunchScreen.storyboard;
			sourceTree = "<group>";
		};
/* End PBXVariantGroup section */

/* Begin XCBuildConfiguration section */
		80C92AE222633AE400D265F1 /* Debug */ = {
			isa = XCBuildConfiguration;
			buildSettings = {
				ALWAYS_SEARCH_USER_PATHS = NO;
				CLANG_ANALYZER_NONNULL = YES;
				CLANG_ANALYZER_NUMBER_OBJECT_CONVERSION = YES_AGGRESSIVE;
				CLANG_CXX_LANGUAGE_STANDARD = "gnu++14";
				CLANG_CXX_LIBRARY = "libc++";
				CLANG_ENABLE_MODULES = YES;
				CLANG_ENABLE_OBJC_ARC = YES;
				CLANG_ENABLE_OBJC_WEAK = YES;
				CLANG_WARN_BLOCK_CAPTURE_AUTORELEASING = YES;
				CLANG_WARN_BOOL_CONVERSION = YES;
				CLANG_WARN_COMMA = YES;
				CLANG_WARN_CONSTANT_CONVERSION = YES;
				CLANG_WARN_DEPRECATED_OBJC_IMPLEMENTATIONS = YES;
				CLANG_WARN_DIRECT_OBJC_ISA_USAGE = YES_ERROR;
				CLANG_WARN_DOCUMENTATION_COMMENTS = YES;
				CLANG_WARN_EMPTY_BODY = YES;
				CLANG_WARN_ENUM_CONVERSION = YES;
				CLANG_WARN_INFINITE_RECURSION = YES;
				CLANG_WARN_INT_CONVERSION = YES;
				CLANG_WARN_NON_LITERAL_NULL_CONVERSION = YES;
				CLANG_WARN_OBJC_IMPLICIT_RETAIN_SELF = YES;
				CLANG_WARN_OBJC_LITERAL_CONVERSION = YES;
				CLANG_WARN_OBJC_ROOT_CLASS = YES_ERROR;
				CLANG_WARN_RANGE_LOOP_ANALYSIS = YES;
				CLANG_WARN_STRICT_PROTOTYPES = YES;
				CLANG_WARN_SUSPICIOUS_MOVE = YES;
				CLANG_WARN_UNGUARDED_AVAILABILITY = YES_AGGRESSIVE;
				CLANG_WARN_UNREACHABLE_CODE = YES;
				CLANG_WARN__DUPLICATE_METHOD_MATCH = YES;
				CODE_SIGN_IDENTITY = "iPhone Developer";
				COPY_PHASE_STRIP = NO;
				DEBUG_INFORMATION_FORMAT = dwarf;
				ENABLE_STRICT_OBJC_MSGSEND = YES;
				ENABLE_TESTABILITY = YES;
				GCC_C_LANGUAGE_STANDARD = gnu11;
				GCC_DYNAMIC_NO_PIC = NO;
				GCC_NO_COMMON_BLOCKS = YES;
				GCC_OPTIMIZATION_LEVEL = 0;
				GCC_PREPROCESSOR_DEFINITIONS = (
					"DEBUG=1",
					"$(inherited)",
				);
				GCC_WARN_64_TO_32_BIT_CONVERSION = YES;
				GCC_WARN_ABOUT_RETURN_TYPE = YES_ERROR;
				GCC_WARN_UNDECLARED_SELECTOR = YES;
				GCC_WARN_UNINITIALIZED_AUTOS = YES_AGGRESSIVE;
				GCC_WARN_UNUSED_FUNCTION = YES;
				GCC_WARN_UNUSED_VARIABLE = YES;
				IPHONEOS_DEPLOYMENT_TARGET = 12.2;
				MTL_ENABLE_DEBUG_INFO = INCLUDE_SOURCE;
				MTL_FAST_MATH = YES;
				ONLY_ACTIVE_ARCH = YES;
				SDKROOT = iphoneos;
				SWIFT_ACTIVE_COMPILATION_CONDITIONS = DEBUG;
				SWIFT_OPTIMIZATION_LEVEL = "-Onone";
			};
			name = Debug;
		};
		80C92AE322633AE400D265F1 /* Release */ = {
			isa = XCBuildConfiguration;
			buildSettings = {
				ALWAYS_SEARCH_USER_PATHS = NO;
				CLANG_ANALYZER_NONNULL = YES;
				CLANG_ANALYZER_NUMBER_OBJECT_CONVERSION = YES_AGGRESSIVE;
				CLANG_CXX_LANGUAGE_STANDARD = "gnu++14";
				CLANG_CXX_LIBRARY = "libc++";
				CLANG_ENABLE_MODULES = YES;
				CLANG_ENABLE_OBJC_ARC = YES;
				CLANG_ENABLE_OBJC_WEAK = YES;
				CLANG_WARN_BLOCK_CAPTURE_AUTORELEASING = YES;
				CLANG_WARN_BOOL_CONVERSION = YES;
				CLANG_WARN_COMMA = YES;
				CLANG_WARN_CONSTANT_CONVERSION = YES;
				CLANG_WARN_DEPRECATED_OBJC_IMPLEMENTATIONS = YES;
				CLANG_WARN_DIRECT_OBJC_ISA_USAGE = YES_ERROR;
				CLANG_WARN_DOCUMENTATION_COMMENTS = YES;
				CLANG_WARN_EMPTY_BODY = YES;
				CLANG_WARN_ENUM_CONVERSION = YES;
				CLANG_WARN_INFINITE_RECURSION = YES;
				CLANG_WARN_INT_CONVERSION = YES;
				CLANG_WARN_NON_LITERAL_NULL_CONVERSION = YES;
				CLANG_WARN_OBJC_IMPLICIT_RETAIN_SELF = YES;
				CLANG_WARN_OBJC_LITERAL_CONVERSION = YES;
				CLANG_WARN_OBJC_ROOT_CLASS = YES_ERROR;
				CLANG_WARN_RANGE_LOOP_ANALYSIS = YES;
				CLANG_WARN_STRICT_PROTOTYPES = YES;
				CLANG_WARN_SUSPICIOUS_MOVE = YES;
				CLANG_WARN_UNGUARDED_AVAILABILITY = YES_AGGRESSIVE;
				CLANG_WARN_UNREACHABLE_CODE = YES;
				CLANG_WARN__DUPLICATE_METHOD_MATCH = YES;
				CODE_SIGN_IDENTITY = "iPhone Developer";
				COPY_PHASE_STRIP = NO;
				DEBUG_INFORMATION_FORMAT = "dwarf-with-dsym";
				ENABLE_NS_ASSERTIONS = NO;
				ENABLE_STRICT_OBJC_MSGSEND = YES;
				GCC_C_LANGUAGE_STANDARD = gnu11;
				GCC_NO_COMMON_BLOCKS = YES;
				GCC_WARN_64_TO_32_BIT_CONVERSION = YES;
				GCC_WARN_ABOUT_RETURN_TYPE = YES_ERROR;
				GCC_WARN_UNDECLARED_SELECTOR = YES;
				GCC_WARN_UNINITIALIZED_AUTOS = YES_AGGRESSIVE;
				GCC_WARN_UNUSED_FUNCTION = YES;
				GCC_WARN_UNUSED_VARIABLE = YES;
				IPHONEOS_DEPLOYMENT_TARGET = 12.2;
				MTL_ENABLE_DEBUG_INFO = NO;
				MTL_FAST_MATH = YES;
				SDKROOT = iphoneos;
				SWIFT_COMPILATION_MODE = wholemodule;
				SWIFT_OPTIMIZATION_LEVEL = "-O";
				VALIDATE_PRODUCT = YES;
			};
			name = Release;
		};
		80C92AE522633AE400D265F1 /* Debug */ = {
			isa = XCBuildConfiguration;
			baseConfigurationReference = F4F3939566B44F1C3A11A6EA /* Pods-SmartHomeYL.debug.xcconfig */;
			buildSettings = {
				ALWAYS_EMBED_SWIFT_STANDARD_LIBRARIES = YES;
				ASSETCATALOG_COMPILER_APPICON_NAME = AppIcon;
				CODE_SIGN_STYLE = Automatic;
				DEVELOPMENT_TEAM = R393YN2P93;
				FRAMEWORK_SEARCH_PATHS = (
					"$(inherited)",
					"$(PROJECT_DIR)",
				);
				INFOPLIST_FILE = SmartHomeYL/Info.plist;
				LD_RUNPATH_SEARCH_PATHS = (
					"$(inherited)",
					"@executable_path/Frameworks",
				);
				PRODUCT_BUNDLE_IDENTIFIER = yuli.SmartHomeYL;
				PRODUCT_NAME = "$(TARGET_NAME)";
				SWIFT_VERSION = 5.0;
				TARGETED_DEVICE_FAMILY = "1,2";
			};
			name = Debug;
		};
		80C92AE622633AE400D265F1 /* Release */ = {
			isa = XCBuildConfiguration;
			baseConfigurationReference = 20F77CF9766C56BA1853C6B7 /* Pods-SmartHomeYL.release.xcconfig */;
			buildSettings = {
				ALWAYS_EMBED_SWIFT_STANDARD_LIBRARIES = YES;
				ASSETCATALOG_COMPILER_APPICON_NAME = AppIcon;
				CODE_SIGN_STYLE = Automatic;
				DEVELOPMENT_TEAM = R393YN2P93;
				FRAMEWORK_SEARCH_PATHS = (
					"$(inherited)",
					"$(PROJECT_DIR)",
				);
				INFOPLIST_FILE = SmartHomeYL/Info.plist;
				LD_RUNPATH_SEARCH_PATHS = (
					"$(inherited)",
					"@executable_path/Frameworks",
				);
				PRODUCT_BUNDLE_IDENTIFIER = yuli.SmartHomeYL;
				PRODUCT_NAME = "$(TARGET_NAME)";
				SWIFT_VERSION = 5.0;
				TARGETED_DEVICE_FAMILY = "1,2";
			};
			name = Release;
		};
/* End XCBuildConfiguration section */

/* Begin XCConfigurationList section */
		80C92ACD22633AE200D265F1 /* Build configuration list for PBXProject "SmartHomeYL" */ = {
			isa = XCConfigurationList;
			buildConfigurations = (
				80C92AE222633AE400D265F1 /* Debug */,
				80C92AE322633AE400D265F1 /* Release */,
			);
			defaultConfigurationIsVisible = 0;
			defaultConfigurationName = Release;
		};
		80C92AE422633AE400D265F1 /* Build configuration list for PBXNativeTarget "SmartHomeYL" */ = {
			isa = XCConfigurationList;
			buildConfigurations = (
				80C92AE522633AE400D265F1 /* Debug */,
				80C92AE622633AE400D265F1 /* Release */,
			);
			defaultConfigurationIsVisible = 0;
			defaultConfigurationName = Release;
		};
/* End XCConfigurationList section */
	};
	rootObject = 80C92ACA22633AE200D265F1 /* Project object */;
}
